
Microsoft Visual Studio Solution File, Format Version 12.00
# Visual Studio 2013
VisualStudioVersion = 12.0.30723.0
MinimumVisualStudioVersion = 10.0.40219.1
Project("{FAE04EC0-301F-11D3-BF4B-00C04F79EFBC}") = "MeuBolaoFavoritoCommon", "MeuBolaoFavoritoCommon\MeuBolaoFavoritoCommon.csproj", "{700F8AB9-246B-47A7-95D5-6B0189557EE7}"
EndProject
Project("{FAE04EC0-301F-11D3-BF4B-00C04F79EFBC}") = "MeuBolaoFavoritoService", "MeuBolaoFavoritoService\MeuBolaoFavoritoService.csproj", "{84BC746F-83C3-4F0C-A825-286660802A51}"
EndProject
Project("{FAE04EC0-301F-11D3-BF4B-00C04F79EFBC}") = "MeuBolaoFavoritoSite", "MeuBolaoFavoritoSite\MeuBolaoFavoritoSite.csproj", "{5B4C6CC2-19E1-4379-83A7-57FE9EF3C9F0}"
EndProject
Global
	GlobalSection(SolutionConfigurationPlatforms) = preSolution
		Debug|Any CPU = Debug|Any CPU
		Release|Any CPU = Release|Any CPU
	EndGlobalSection
	GlobalSection(ProjectConfigurationPlatforms) = postSolution
		{700F8AB9-246B-47A7-95D5-6B0189557EE7}.Debug|Any CPU.ActiveCfg = Debug|Any CPU
		{700F8AB9-246B-47A7-95D5-6B0189557EE7}.Debug|Any CPU.Build.0 = Debug|Any CPU
		{700F8AB9-246B-47A7-95D5-6B0189557EE7}.Release|Any CPU.ActiveCfg = Release|Any CPU
		{700F8AB9-246B-47A7-95D5-6B0189557EE7}.Release|Any CPU.Build.0 = Release|Any CPU
		{84BC746F-83C3-4F0C-A825-286660802A51}.Debug|Any CPU.ActiveCfg = Debug|Any CPU
		{84BC746F-83C3-4F0C-A825-286660802A51}.Debug|Any CPU.Build.0 = Debug|Any CPU
		{84BC746F-83C3-4F0C-A825-286660802A51}.Release|Any CPU.ActiveCfg = Release|Any CPU
		{84BC746F-83C3-4F0C-A825-286660802A51}.Release|Any CPU.Build.0 = Release|Any CPU
		{5B4C6CC2-19E1-4379-83A7-57FE9EF3C9F0}.Debug|Any CPU.ActiveCfg = Debug|Any CPU
		{5B4C6CC2-19E1-4379-83A7-57FE9EF3C9F0}.Debug|Any CPU.Build.0 = Debug|Any CPU
		{5B4C6CC2-19E1-4379-83A7-57FE9EF3C9F0}.Release|Any CPU.ActiveCfg = Release|Any CPU
		{5B4C6CC2-19E1-4379-83A7-57FE9EF3C9F0}.Release|Any CPU.Build.0 = Release|Any CPU
	EndGlobalSection
	GlobalSection(SolutionProperties) = preSolution
		HideSolutionNode = FALSE
	EndGlobalSection
EndGlobal
